// !$*UTF8*$!
{
	archiveVersion = 1;
	classes = {
	};
	objectVersion = 50;
	objects = {

/* Begin PBXBuildFile section */
		4945053E225F8E4300542AA3 /* AppDelegate.swift in Sources */ = {isa = PBXBuildFile; fileRef = 4945053D225F8E4300542AA3 /* AppDelegate.swift */; };
		49450540225F8E4300542AA3 /* MainVC.swift in Sources */ = {isa = PBXBuildFile; fileRef = 4945053F225F8E4300542AA3 /* MainVC.swift */; };
		49450543225F8E4300542AA3 /* Main.storyboard in Resources */ = {isa = PBXBuildFile; fileRef = 49450541225F8E4300542AA3 /* Main.storyboard */; };
		49450545225F8E4400542AA3 /* Assets.xcassets in Resources */ = {isa = PBXBuildFile; fileRef = 49450544225F8E4400542AA3 /* Assets.xcassets */; };
		49450548225F8E4400542AA3 /* LaunchScreen.storyboard in Resources */ = {isa = PBXBuildFile; fileRef = 49450546225F8E4400542AA3 /* LaunchScreen.storyboard */; };
		49450552225F902300542AA3 /* CurrencyTxtField.swift in Sources */ = {isa = PBXBuildFile; fileRef = 49450551225F902300542AA3 /* CurrencyTxtField.swift */; };
		49DE2C2C2516787B00915383 /* window_shopperTests.swift in Sources */ = {isa = PBXBuildFile; fileRef = 49DE2C2B2516787B00915383 /* window_shopperTests.swift */; };
		49DE2C372516790F00915383 /* Wage.swift in Sources */ = {isa = PBXBuildFile; fileRef = 49DE2C362516790F00915383 /* Wage.swift */; };
		49DE2C3C25167A4C00915383 /* Wage.swift in Sources */ = {isa = PBXBuildFile; fileRef = 49DE2C362516790F00915383 /* Wage.swift */; };
/* End PBXBuildFile section */

/* Begin PBXContainerItemProxy section */
		49DE2C2E2516787B00915383 /* PBXContainerItemProxy */ = {
			isa = PBXContainerItemProxy;
			containerPortal = 49450532225F8E4200542AA3 /* Project object */;
			proxyType = 1;
			remoteGlobalIDString = 49450539225F8E4300542AA3;
			remoteInfo = "window-shopper";
		};
/* End PBXContainerItemProxy section */

/* Begin PBXFileReference section */
		4945053A225F8E4300542AA3 /* window-shopper.app */ = {isa = PBXFileReference; explicitFileType = wrapper.application; includeInIndex = 0; path = "window-shopper.app"; sourceTree = BUILT_PRODUCTS_DIR; };
		4945053D225F8E4300542AA3 /* AppDelegate.swift */ = {isa = PBXFileReference; lastKnownFileType = sourcecode.swift; path = AppDelegate.swift; sourceTree = "<group>"; };
		4945053F225F8E4300542AA3 /* MainVC.swift */ = {isa = PBXFileReference; lastKnownFileType = sourcecode.swift; path = MainVC.swift; sourceTree = "<group>"; };
		49450542225F8E4300542AA3 /* Base */ = {isa = PBXFileReference; lastKnownFileType = file.storyboard; name = Base; path = Base.lproj/Main.storyboard; sourceTree = "<group>"; };
		49450544225F8E4400542AA3 /* Assets.xcassets */ = {isa = PBXFileReference; lastKnownFileType = folder.assetcatalog; path = Assets.xcassets; sourceTree = "<group>"; };
		49450547225F8E4400542AA3 /* Base */ = {isa = PBXFileReference; lastKnownFileType = file.storyboard; name = Base; path = Base.lproj/LaunchScreen.storyboard; sourceTree = "<group>"; };
		49450549225F8E4400542AA3 /* Info.plist */ = {isa = PBXFileReference; lastKnownFileType = text.plist.xml; path = Info.plist; sourceTree = "<group>"; };
		49450551225F902300542AA3 /* CurrencyTxtField.swift */ = {isa = PBXFileReference; lastKnownFileType = sourcecode.swift; path = CurrencyTxtField.swift; sourceTree = "<group>"; };
		49DE2C292516787B00915383 /* window-shopperTests.xctest */ = {isa = PBXFileReference; explicitFileType = wrapper.cfbundle; includeInIndex = 0; path = "window-shopperTests.xctest"; sourceTree = BUILT_PRODUCTS_DIR; };
		49DE2C2B2516787B00915383 /* window_shopperTests.swift */ = {isa = PBXFileReference; lastKnownFileType = sourcecode.swift; path = window_shopperTests.swift; sourceTree = "<group>"; };
		49DE2C2D2516787B00915383 /* Info.plist */ = {isa = PBXFileReference; lastKnownFileType = text.plist.xml; path = Info.plist; sourceTree = "<group>"; };
		49DE2C362516790F00915383 /* Wage.swift */ = {isa = PBXFileReference; lastKnownFileType = sourcecode.swift; path = Wage.swift; sourceTree = "<group>"; };
/* End PBXFileReference section */

/* Begin PBXFrameworksBuildPhase section */
		49450537225F8E4300542AA3 /* Frameworks */ = {
			isa = PBXFrameworksBuildPhase;
			buildActionMask = 2147483647;
			files = (
			);
			runOnlyForDeploymentPostprocessing = 0;
		};
		49DE2C262516787B00915383 /* Frameworks */ = {
			isa = PBXFrameworksBuildPhase;
			buildActionMask = 2147483647;
			files = (
			);
			runOnlyForDeploymentPostprocessing = 0;
		};
/* End PBXFrameworksBuildPhase section */

/* Begin PBXGroup section */
		49450531225F8E4200542AA3 = {
			isa = PBXGroup;
			children = (
				4945053C225F8E4300542AA3 /* window-shopper */,
				49DE2C2A2516787B00915383 /* window-shopperTests */,
				4945053B225F8E4300542AA3 /* Products */,
			);
			sourceTree = "<group>";
		};
		4945053B225F8E4300542AA3 /* Products */ = {
			isa = PBXGroup;
			children = (
				4945053A225F8E4300542AA3 /* window-shopper.app */,
				49DE2C292516787B00915383 /* window-shopperTests.xctest */,
			);
			name = Products;
			sourceTree = "<group>";
		};
		4945053C225F8E4300542AA3 /* window-shopper */ = {
			isa = PBXGroup;
			children = (
				49DE2C35251678EF00915383 /* Model */,
				49450550225F8FEF00542AA3 /* Views */,
				4945054F225F8EED00542AA3 /* Controller */,
				4945053D225F8E4300542AA3 /* AppDelegate.swift */,
				49450541225F8E4300542AA3 /* Main.storyboard */,
				49450544225F8E4400542AA3 /* Assets.xcassets */,
				49450546225F8E4400542AA3 /* LaunchScreen.storyboard */,
				49450549225F8E4400542AA3 /* Info.plist */,
			);
			path = "window-shopper";
			sourceTree = "<group>";
		};
		4945054F225F8EED00542AA3 /* Controller */ = {
			isa = PBXGroup;
			children = (
				4945053F225F8E4300542AA3 /* MainVC.swift */,
			);
			path = Controller;
			sourceTree = "<group>";
		};
		49450550225F8FEF00542AA3 /* Views */ = {
			isa = PBXGroup;
			children = (
				49450551225F902300542AA3 /* CurrencyTxtField.swift */,
			);
			path = Views;
			sourceTree = "<group>";
		};
		49DE2C2A2516787B00915383 /* window-shopperTests */ = {
			isa = PBXGroup;
			children = (
				49DE2C2B2516787B00915383 /* window_shopperTests.swift */,
				49DE2C2D2516787B00915383 /* Info.plist */,
			);
			path = "window-shopperTests";
			sourceTree = "<group>";
		};
		49DE2C35251678EF00915383 /* Model */ = {
			isa = PBXGroup;
			children = (
				49DE2C362516790F00915383 /* Wage.swift */,
			);
			path = Model;
			sourceTree = "<group>";
		};
/* End PBXGroup section */

/* Begin PBXNativeTarget section */
		49450539225F8E4300542AA3 /* window-shopper */ = {
			isa = PBXNativeTarget;
			buildConfigurationList = 4945054C225F8E4400542AA3 /* Build configuration list for PBXNativeTarget "window-shopper" */;
			buildPhases = (
				49450536225F8E4300542AA3 /* Sources */,
				49450537225F8E4300542AA3 /* Frameworks */,
				49450538225F8E4300542AA3 /* Resources */,
			);
			buildRules = (
			);
			dependencies = (
			);
			name = "window-shopper";
			productName = "window-shopper";
			productReference = 4945053A225F8E4300542AA3 /* window-shopper.app */;
			productType = "com.apple.product-type.application";
		};
		49DE2C282516787B00915383 /* window-shopperTests */ = {
			isa = PBXNativeTarget;
			buildConfigurationList = 49DE2C302516787B00915383 /* Build configuration list for PBXNativeTarget "window-shopperTests" */;
			buildPhases = (
				49DE2C252516787B00915383 /* Sources */,
				49DE2C262516787B00915383 /* Frameworks */,
				49DE2C272516787B00915383 /* Resources */,
			);
			buildRules = (
			);
			dependencies = (
				49DE2C2F2516787B00915383 /* PBXTargetDependency */,
			);
			name = "window-shopperTests";
			productName = "window-shopperTests";
			productReference = 49DE2C292516787B00915383 /* window-shopperTests.xctest */;
			productType = "com.apple.product-type.bundle.unit-test";
		};
/* End PBXNativeTarget section */

/* Begin PBXProject section */
		49450532225F8E4200542AA3 /* Project object */ = {
			isa = PBXProject;
			attributes = {
				LastSwiftUpdateCheck = 1200;
				LastUpgradeCheck = 1200;
				ORGANIZATIONNAME = "Андрей Лебедев";
				TargetAttributes = {
					49450539225F8E4300542AA3 = {
						CreatedOnToolsVersion = 10.2;
					};
					49DE2C282516787B00915383 = {
						CreatedOnToolsVersion = 12.0;
						TestTargetID = 49450539225F8E4300542AA3;
					};
				};
			};
			buildConfigurationList = 49450535225F8E4300542AA3 /* Build configuration list for PBXProject "window-shopper" */;
			compatibilityVersion = "Xcode 9.3";
			developmentRegion = en;
			hasScannedForEncodings = 0;
			knownRegions = (
				en,
				Base,
			);
			mainGroup = 49450531225F8E4200542AA3;
			productRefGroup = 4945053B225F8E4300542AA3 /* Products */;
			projectDirPath = "";
			projectRoot = "";
			targets = (
				49450539225F8E4300542AA3 /* window-shopper */,
				49DE2C282516787B00915383 /* window-shopperTests */,
			);
		};
/* End PBXProject section */

/* Begin PBXResourcesBuildPhase section */
		49450538225F8E4300542AA3 /* Resources */ = {
			isa = PBXResourcesBuildPhase;
			buildActionMask = 2147483647;
			files = (
				49450548225F8E4400542AA3 /* LaunchScreen.storyboard in Resources */,
				49450545225F8E4400542AA3 /* Assets.xcassets in Resources */,
				49450543225F8E4300542AA3 /* Main.storyboard in Resources */,
			);
			runOnlyForDeploymentPostprocessing = 0;
		};
		49DE2C272516787B00915383 /* Resources */ = {
			isa = PBXResourcesBuildPhase;
			buildActionMask = 2147483647;
			files = (
			);
			runOnlyForDeploymentPostprocessing = 0;
		};
/* End PBXResourcesBuildPhase section */

/* Begin PBXSourcesBuildPhase section */
		49450536225F8E4300542AA3 /* Sources */ = {
			isa = PBXSourcesBuildPhase;
			buildActionMask = 2147483647;
			files = (
				49450552225F902300542AA3 /* CurrencyTxtField.swift in Sources */,
				49DE2C372516790F00915383 /* Wage.swift in Sources */,
				49450540225F8E4300542AA3 /* MainVC.swift in Sources */,
				4945053E225F8E4300542AA3 /* AppDelegate.swift in Sources */,
			);
			runOnlyForDeploymentPostprocessing = 0;
		};
		49DE2C252516787B00915383 /* Sources */ = {
			isa = PBXSourcesBuildPhase;
			buildActionMask = 2147483647;
			files = (
				49DE2C2C2516787B00915383 /* window_shopperTests.swift in Sources */,
				49DE2C3C25167A4C00915383 /* Wage.swift in Sources */,
			);
			runOnlyForDeploymentPostprocessing = 0;
		};
/* End PBXSourcesBuildPhase section */

/* Begin PBXTargetDependency section */
		49DE2C2F2516787B00915383 /* PBXTargetDependency */ = {
			isa = PBXTargetDependency;
			target = 49450539225F8E4300542AA3 /* window-shopper */;
			targetProxy = 49DE2C2E2516787B00915383 /* PBXContainerItemProxy */;
		};
/* End PBXTargetDependency section */

/* Begin PBXVariantGroup section */
		49450541225F8E4300542AA3 /* Main.storyboard */ = {
			isa = PBXVariantGroup;
			children = (
				49450542225F8E4300542AA3 /* Base */,
			);
			name = Main.storyboard;
			sourceTree = "<group>";
		};
		49450546225F8E4400542AA3 /* LaunchScreen.storyboard */ = {
			isa = PBXVariantGroup;
			children = (
				49450547225F8E4400542AA3 /* Base */,
			);
			name = LaunchScreen.storyboard;
			sourceTree = "<group>";
		};
/* End PBXVariantGroup section */

/* Begin XCBuildConfiguration section */
		4945054A225F8E4400542AA3 /* Debug */ = {
			isa = XCBuildConfiguration;
			buildSettings = {
				ALWAYS_SEARCH_USER_PATHS = NO;
				CLANG_ANALYZER_NONNULL = YES;
				CLANG_ANALYZER_NUMBER_OBJECT_CONVERSION = YES_AGGRESSIVE;
				CLANG_CXX_LANGUAGE_STANDARD = "gnu++14";
				CLANG_CXX_LIBRARY = "libc++";
				CLANG_ENABLE_MODULES = YES;
				CLANG_ENABLE_OBJC_ARC = YES;
				CLANG_ENABLE_OBJC_WEAK = YES;
				CLANG_WARN_BLOCK_CAPTURE_AUTORELEASING = YES;
				CLANG_WARN_BOOL_CONVERSION = YES;
				CLANG_WARN_COMMA = YES;
				CLANG_WARN_CONSTANT_CONVERSION = YES;
				CLANG_WARN_DEPRECATED_OBJC_IMPLEMENTATIONS = YES;
				CLANG_WARN_DIRECT_OBJC_ISA_USAGE = YES_ERROR;
				CLANG_WARN_DOCUMENTATION_COMMENTS = YES;
				CLANG_WARN_EMPTY_BODY = YES;
				CLANG_WARN_ENUM_CONVERSION = YES;
				CLANG_WARN_INFINITE_RECURSION = YES;
				CLANG_WARN_INT_CONVERSION = YES;
				CLANG_WARN_NON_LITERAL_NULL_CONVERSION = YES;
				CLANG_WARN_OBJC_IMPLICIT_RETAIN_SELF = YES;
				CLANG_WARN_OBJC_LITERAL_CONVERSION = YES;
				CLANG_WARN_OBJC_ROOT_CLASS = YES_ERROR;
				CLANG_WARN_RANGE_LOOP_ANALYSIS = YES;
				CLANG_WARN_STRICT_PROTOTYPES = YES;
				CLANG_WARN_SUSPICIOUS_MOVE = YES;
				CLANG_WARN_UNGUARDED_AVAILABILITY = YES_AGGRESSIVE;
				CLANG_WARN_UNREACHABLE_CODE = YES;
				CLANG_WARN__DUPLICATE_METHOD_MATCH = YES;
				CODE_SIGN_IDENTITY = "iPhone Developer";
				COPY_PHASE_STRIP = NO;
				DEBUG_INFORMATION_FORMAT = dwarf;
				ENABLE_STRICT_OBJC_MSGSEND = YES;
				ENABLE_TESTABILITY = YES;
				GCC_C_LANGUAGE_STANDARD = gnu11;
				GCC_DYNAMIC_NO_PIC = NO;
				GCC_NO_COMMON_BLOCKS = YES;
				GCC_OPTIMIZATION_LEVEL = 0;
				GCC_PREPROCESSOR_DEFINITIONS = (
					"DEBUG=1",
					"$(inherited)",
				);
				GCC_WARN_64_TO_32_BIT_CONVERSION = YES;
				GCC_WARN_ABOUT_RETURN_TYPE = YES_ERROR;
				GCC_WARN_UNDECLARED_SELECTOR = YES;
				GCC_WARN_UNINITIALIZED_AUTOS = YES_AGGRESSIVE;
				GCC_WARN_UNUSED_FUNCTION = YES;
				GCC_WARN_UNUSED_VARIABLE = YES;
				IPHONEOS_DEPLOYMENT_TARGET = 12.2;
				MTL_ENABLE_DEBUG_INFO = INCLUDE_SOURCE;
				MTL_FAST_MATH = YES;
				ONLY_ACTIVE_ARCH = YES;
				SDKROOT = iphoneos;
				SWIFT_ACTIVE_COMPILATION_CONDITIONS = DEBUG;
				SWIFT_OPTIMIZATION_LEVEL = "-Onone";
			};
			name = Debug;
		};
		4945054B225F8E4400542AA3 /* Release */ = {
			isa = XCBuildConfiguration;
			buildSettings = {
				ALWAYS_SEARCH_USER_PATHS = NO;
				CLANG_ANALYZER_NONNULL = YES;
				CLANG_ANALYZER_NUMBER_OBJECT_CONVERSION = YES_AGGRESSIVE;
				CLANG_CXX_LANGUAGE_STANDARD = "gnu++14";
				CLANG_CXX_LIBRARY = "libc++";
				CLANG_ENABLE_MODULES = YES;
				CLANG_ENABLE_OBJC_ARC = YES;
				CLANG_ENABLE_OBJC_WEAK = YES;
				CLANG_WARN_BLOCK_CAPTURE_AUTORELEASING = YES;
				CLANG_WARN_BOOL_CONVERSION = YES;
				CLANG_WARN_COMMA = YES;
				CLANG_WARN_CONSTANT_CONVERSION = YES;
				CLANG_WARN_DEPRECATED_OBJC_IMPLEMENTATIONS = YES;
				CLANG_WARN_DIRECT_OBJC_ISA_USAGE = YES_ERROR;
				CLANG_WARN_DOCUMENTATION_COMMENTS = YES;
				CLANG_WARN_EMPTY_BODY = YES;
				CLANG_WARN_ENUM_CONVERSION = YES;
				CLANG_WARN_INFINITE_RECURSION = YES;
				CLANG_WARN_INT_CONVERSION = YES;
				CLANG_WARN_NON_LITERAL_NULL_CONVERSION = YES;
				CLANG_WARN_OBJC_IMPLICIT_RETAIN_SELF = YES;
				CLANG_WARN_OBJC_LITERAL_CONVERSION = YES;
				CLANG_WARN_OBJC_ROOT_CLASS = YES_ERROR;
				CLANG_WARN_RANGE_LOOP_ANALYSIS = YES;
				CLANG_WARN_STRICT_PROTOTYPES = YES;
				CLANG_WARN_SUSPICIOUS_MOVE = YES;
				CLANG_WARN_UNGUARDED_AVAILABILITY = YES_AGGRESSIVE;
				CLANG_WARN_UNREACHABLE_CODE = YES;
				CLANG_WARN__DUPLICATE_METHOD_MATCH = YES;
				CODE_SIGN_IDENTITY = "iPhone Developer";
				COPY_PHASE_STRIP = NO;
				DEBUG_INFORMATION_FORMAT = "dwarf-with-dsym";
				ENABLE_NS_ASSERTIONS = NO;
				ENABLE_STRICT_OBJC_MSGSEND = YES;
				GCC_C_LANGUAGE_STANDARD = gnu11;
				GCC_NO_COMMON_BLOCKS = YES;
				GCC_WARN_64_TO_32_BIT_CONVERSION = YES;
				GCC_WARN_ABOUT_RETURN_TYPE = YES_ERROR;
				GCC_WARN_UNDECLARED_SELECTOR = YES;
				GCC_WARN_UNINITIALIZED_AUTOS = YES_AGGRESSIVE;
				GCC_WARN_UNUSED_FUNCTION = YES;
				GCC_WARN_UNUSED_VARIABLE = YES;
				IPHONEOS_DEPLOYMENT_TARGET = 12.2;
				MTL_ENABLE_DEBUG_INFO = NO;
				MTL_FAST_MATH = YES;
				SDKROOT = iphoneos;
				SWIFT_COMPILATION_MODE = wholemodule;
				SWIFT_OPTIMIZATION_LEVEL = "-O";
				VALIDATE_PRODUCT = YES;
			};
			name = Release;
		};
		4945054D225F8E4400542AA3 /* Debug */ = {
			isa = XCBuildConfiguration;
			buildSettings = {
				ASSETCATALOG_COMPILER_APPICON_NAME = AppIcon;
				CODE_SIGN_STYLE = Automatic;
				DEVELOPMENT_TEAM = "";
				INFOPLIST_FILE = "window-shopper/Info.plist";
				LD_RUNPATH_SEARCH_PATHS = (
					"$(inherited)",
					"@executable_path/Frameworks",
				);
				PRODUCT_BUNDLE_IDENTIFIER = "andrewkin.window-shopper";
				PRODUCT_NAME = "$(TARGET_NAME)";
				SWIFT_VERSION = 5.0;
				TARGETED_DEVICE_FAMILY = "1,2";
			};
			name = Debug;
		};
		4945054E225F8E4400542AA3 /* Release */ = {
			isa = XCBuildConfiguration;
			buildSettings = {
				ASSETCATALOG_COMPILER_APPICON_NAME = AppIcon;
				CODE_SIGN_STYLE = Automatic;
				DEVELOPMENT_TEAM = "";
				INFOPLIST_FILE = "window-shopper/Info.plist";
				LD_RUNPATH_SEARCH_PATHS = (
					"$(inherited)",
					"@executable_path/Frameworks",
				);
				PRODUCT_BUNDLE_IDENTIFIER = "andrewkin.window-shopper";
				PRODUCT_NAME = "$(TARGET_NAME)";
				SWIFT_VERSION = 5.0;
				TARGETED_DEVICE_FAMILY = "1,2";
			};
			name = Release;
		};
		49DE2C312516787B00915383 /* Debug */ = {
			isa = XCBuildConfiguration;
			buildSettings = {
				BUNDLE_LOADER = "$(TEST_HOST)";
				CLANG_WARN_QUOTED_INCLUDE_IN_FRAMEWORK_HEADER = YES;
				CODE_SIGN_STYLE = Automatic;
				INFOPLIST_FILE = "window-shopperTests/Info.plist";
				IPHONEOS_DEPLOYMENT_TARGET = 14.0;
				LD_RUNPATH_SEARCH_PATHS = (
					"$(inherited)",
					"@executable_path/Frameworks",
					"@loader_path/Frameworks",
				);
				PRODUCT_BUNDLE_IDENTIFIER = "andrewkin.window-shopperTests";
				PRODUCT_NAME = "$(TARGET_NAME)";
				SWIFT_VERSION = 5.0;
				TARGETED_DEVICE_FAMILY = "1,2";
				TEST_HOST = "$(BUILT_PRODUCTS_DIR)/window-shopper.app/window-shopper";
			};
			name = Debug;
		};
		49DE2C322516787B00915383 /* Release */ = {
			isa = XCBuildConfiguration;
			buildSettings = {
				BUNDLE_LOADER = "$(TEST_HOST)";
				CLANG_WARN_QUOTED_INCLUDE_IN_FRAMEWORK_HEADER = YES;
				CODE_SIGN_STYLE = Automatic;
				INFOPLIST_FILE = "window-shopperTests/Info.plist";
				IPHONEOS_DEPLOYMENT_TARGET = 14.0;
				LD_RUNPATH_SEARCH_PATHS = (
					"$(inherited)",
					"@executable_path/Frameworks",
					"@loader_path/Frameworks",
				);
				PRODUCT_BUNDLE_IDENTIFIER = "andrewkin.window-shopperTests";
				PRODUCT_NAME = "$(TARGET_NAME)";
				SWIFT_VERSION = 5.0;
				TARGETED_DEVICE_FAMILY = "1,2";
				TEST_HOST = "$(BUILT_PRODUCTS_DIR)/window-shopper.app/window-shopper";
			};
			name = Release;
		};
/* End XCBuildConfiguration section */

/* Begin XCConfigurationList section */
		49450535225F8E4300542AA3 /* Build configuration list for PBXProject "window-shopper" */ = {
			isa = XCConfigurationList;
			buildConfigurations = (
				4945054A225F8E4400542AA3 /* Debug */,
				4945054B225F8E4400542AA3 /* Release */,
			);
			defaultConfigurationIsVisible = 0;
			defaultConfigurationName = Release;
		};
		4945054C225F8E4400542AA3 /* Build configuration list for PBXNativeTarget "window-shopper" */ = {
			isa = XCConfigurationList;
			buildConfigurations = (
				4945054D225F8E4400542AA3 /* Debug */,
				4945054E225F8E4400542AA3 /* Release */,
			);
			defaultConfigurationIsVisible = 0;
			defaultConfigurationName = Release;
		};
		49DE2C302516787B00915383 /* Build configuration list for PBXNativeTarget "window-shopperTests" */ = {
			isa = XCConfigurationList;
			buildConfigurations = (
				49DE2C312516787B00915383 /* Debug */,
				49DE2C322516787B00915383 /* Release */,
			);
			defaultConfigurationIsVisible = 0;
			defaultConfigurationName = Release;
		};
/* End XCConfigurationList section */
	};
	rootObject = 49450532225F8E4200542AA3 /* Project object */;
}
